
Microsoft Visual Studio Solution File, Format Version 12.00
# Visual Studio Version 16
VisualStudioVersion = 16.0.30621.155
MinimumVisualStudioVersion = 10.0.40219.1
Project("{FAE04EC0-301F-11D3-BF4B-00C04F79EFBC}") = "WebApplication1", "WebApplication1\WebApplication1.csproj", "{3680ECA4-E271-4FF0-B324-2301077983EC}"
EndProject
Global
	GlobalSection(SolutionConfigurationPlatforms) = preSolution
		Debug|Any CPU = Debug|Any CPU
		Release|Any CPU = Release|Any CPU
	EndGlobalSection
	GlobalSection(ProjectConfigurationPlatforms) = postSolution
		{3680ECA4-E271-4FF0-B324-2301077983EC}.Debug|Any CPU.ActiveCfg = Debug|Any CPU
		{3680ECA4-E271-4FF0-B324-2301077983EC}.Debug|Any CPU.Build.0 = Debug|Any CPU
		{3680ECA4-E271-4FF0-B324-2301077983EC}.Release|Any CPU.ActiveCfg = Release|Any CPU
		{3680ECA4-E271-4FF0-B324-2301077983EC}.Release|Any CPU.Build.0 = Release|Any CPU
	EndGlobalSection
	GlobalSection(SolutionProperties) = preSolution
		HideSolutionNode = FALSE
	EndGlobalSection
	GlobalSection(ExtensibilityGlobals) = postSolution
		SolutionGuid = {839EC970-F920-4512-A45D-5CDC3385FA5D}
	EndGlobalSection
EndGlobal
